
Microsoft Visual Studio Solution File, Format Version 12.00
# Visual Studio Version 17
VisualStudioVersion = 17.12.35707.178 d17.12
MinimumVisualStudioVersion = 10.0.40219.1
Project("{FAE04EC0-301F-11D3-BF4B-00C04F79EFBC}") = "Device.API", "Device.API\Device.API.csproj", "{D3A266A5-F889-42E6-B9C0-F26DE9714ED8}"
EndProject
Project("{FAE04EC0-301F-11D3-BF4B-00C04F79EFBC}") = "Device.Test", "Device.Test\Device.Test.csproj", "{B0ADCC7F-62A2-4690-AB01-2F3821D196B4}"
EndProject
Project("{E53339B2-1760-4266-BCC7-CA923CBCF16C}") = "docker-compose", "docker-compose.dcproj", "{D05B025D-5096-4B06-8097-728B608364BD}"
EndProject
Global
	GlobalSection(SolutionConfigurationPlatforms) = preSolution
		Debug|Any CPU = Debug|Any CPU
		Release|Any CPU = Release|Any CPU
	EndGlobalSection
	GlobalSection(ProjectConfigurationPlatforms) = postSolution
		{D3A266A5-F889-42E6-B9C0-F26DE9714ED8}.Debug|Any CPU.ActiveCfg = Debug|Any CPU
		{D3A266A5-F889-42E6-B9C0-F26DE9714ED8}.Debug|Any CPU.Build.0 = Debug|Any CPU
		{D3A266A5-F889-42E6-B9C0-F26DE9714ED8}.Release|Any CPU.ActiveCfg = Release|Any CPU
		{D3A266A5-F889-42E6-B9C0-F26DE9714ED8}.Release|Any CPU.Build.0 = Release|Any CPU
		{B0ADCC7F-62A2-4690-AB01-2F3821D196B4}.Debug|Any CPU.ActiveCfg = Debug|Any CPU
		{B0ADCC7F-62A2-4690-AB01-2F3821D196B4}.Debug|Any CPU.Build.0 = Debug|Any CPU
		{B0ADCC7F-62A2-4690-AB01-2F3821D196B4}.Release|Any CPU.ActiveCfg = Release|Any CPU
		{B0ADCC7F-62A2-4690-AB01-2F3821D196B4}.Release|Any CPU.Build.0 = Release|Any CPU
		{D05B025D-5096-4B06-8097-728B608364BD}.Debug|Any CPU.ActiveCfg = Debug|Any CPU
		{D05B025D-5096-4B06-8097-728B608364BD}.Debug|Any CPU.Build.0 = Debug|Any CPU
		{D05B025D-5096-4B06-8097-728B608364BD}.Release|Any CPU.ActiveCfg = Release|Any CPU
		{D05B025D-5096-4B06-8097-728B608364BD}.Release|Any CPU.Build.0 = Release|Any CPU
	EndGlobalSection
	GlobalSection(SolutionProperties) = preSolution
		HideSolutionNode = FALSE
	EndGlobalSection
EndGlobal
